# This file is automatically @generated by Cargo.
# It is not intended for manual editing.
version = 3

[[package]]
name = "atri_ffi"
version = "0.2.2"

[[package]]
name = "atri_macros"
version = "0.1.0"

[[package]]
name = "atri_plugin"
version = "0.2.6"
dependencies = [
 "atri_ffi",
 "atri_macros",
]
